
Microsoft Visual Studio Solution File, Format Version 12.00
# Visual Studio Version 17
VisualStudioVersion = 17.0.32014.148
MinimumVisualStudioVersion = 10.0.40219.1
Project("{FAE04EC0-301F-11D3-BF4B-00C04F79EFBC}") = "Gosavtoinspect", "Gosavtoinspect\Gosavtoinspect.csproj", "{50B9C4EC-A77F-4B70-8268-014DFAAAA2F5}"
EndProject
Project("{FAE04EC0-301F-11D3-BF4B-00C04F79EFBC}") = "VIN_LIB", "VIN_LIB\VIN_LIB.csproj", "{C23ED8A7-E3BC-42A5-9BA3-184B52D07FA5}"
EndProject
Project("{FAE04EC0-301F-11D3-BF4B-00C04F79EFBC}") = "REG_MARK_LIB", "REG_MARK_LIB\REG_MARK_LIB.csproj", "{A42E2C4E-2A4E-4018-A83E-5510E991D840}"
EndProject
Global
	GlobalSection(SolutionConfigurationPlatforms) = preSolution
		Debug|Any CPU = Debug|Any CPU
		Release|Any CPU = Release|Any CPU
	EndGlobalSection
	GlobalSection(ProjectConfigurationPlatforms) = postSolution
		{50B9C4EC-A77F-4B70-8268-014DFAAAA2F5}.Debug|Any CPU.ActiveCfg = Debug|Any CPU
		{50B9C4EC-A77F-4B70-8268-014DFAAAA2F5}.Debug|Any CPU.Build.0 = Debug|Any CPU
		{50B9C4EC-A77F-4B70-8268-014DFAAAA2F5}.Release|Any CPU.ActiveCfg = Release|Any CPU
		{50B9C4EC-A77F-4B70-8268-014DFAAAA2F5}.Release|Any CPU.Build.0 = Release|Any CPU
		{C23ED8A7-E3BC-42A5-9BA3-184B52D07FA5}.Debug|Any CPU.ActiveCfg = Debug|Any CPU
		{C23ED8A7-E3BC-42A5-9BA3-184B52D07FA5}.Debug|Any CPU.Build.0 = Debug|Any CPU
		{C23ED8A7-E3BC-42A5-9BA3-184B52D07FA5}.Release|Any CPU.ActiveCfg = Release|Any CPU
		{C23ED8A7-E3BC-42A5-9BA3-184B52D07FA5}.Release|Any CPU.Build.0 = Release|Any CPU
		{A42E2C4E-2A4E-4018-A83E-5510E991D840}.Debug|Any CPU.ActiveCfg = Debug|Any CPU
		{A42E2C4E-2A4E-4018-A83E-5510E991D840}.Debug|Any CPU.Build.0 = Debug|Any CPU
		{A42E2C4E-2A4E-4018-A83E-5510E991D840}.Release|Any CPU.ActiveCfg = Release|Any CPU
		{A42E2C4E-2A4E-4018-A83E-5510E991D840}.Release|Any CPU.Build.0 = Release|Any CPU
	EndGlobalSection
	GlobalSection(SolutionProperties) = preSolution
		HideSolutionNode = FALSE
	EndGlobalSection
	GlobalSection(ExtensibilityGlobals) = postSolution
		SolutionGuid = {4B367EB6-2B7F-4F4D-9235-396A98B2F918}
	EndGlobalSection
EndGlobal
